
Microsoft Visual Studio Solution File, Format Version 12.00
# Visual Studio Version 17
VisualStudioVersion = 17.3.32825.248
MinimumVisualStudioVersion = 10.0.40219.1
Project("{FAE04EC0-301F-11D3-BF4B-00C04F79EFBC}") = "ConsoleApp1", "ConsoleApp1\ConsoleApp1.csproj", "{B4A271BB-249A-4BD5-AD6D-59CA582558A1}"
EndProject
Global
	GlobalSection(SolutionConfigurationPlatforms) = preSolution
		Debug|Any CPU = Debug|Any CPU
		Release|Any CPU = Release|Any CPU
	EndGlobalSection
	GlobalSection(ProjectConfigurationPlatforms) = postSolution
		{B4A271BB-249A-4BD5-AD6D-59CA582558A1}.Debug|Any CPU.ActiveCfg = Debug|Any CPU
		{B4A271BB-249A-4BD5-AD6D-59CA582558A1}.Debug|Any CPU.Build.0 = Debug|Any CPU
		{B4A271BB-249A-4BD5-AD6D-59CA582558A1}.Release|Any CPU.ActiveCfg = Release|Any CPU
		{B4A271BB-249A-4BD5-AD6D-59CA582558A1}.Release|Any CPU.Build.0 = Release|Any CPU
	EndGlobalSection
	GlobalSection(SolutionProperties) = preSolution
		HideSolutionNode = FALSE
	EndGlobalSection
	GlobalSection(ExtensibilityGlobals) = postSolution
		SolutionGuid = {E2ABF4FA-9959-4994-AC72-B7AB8E4A078C}
	EndGlobalSection
EndGlobal
