
Microsoft Visual Studio Solution File, Format Version 12.00
# Visual Studio Version 17
VisualStudioVersion = 17.3.32825.248
MinimumVisualStudioVersion = 10.0.40219.1
Project("{FAE04EC0-301F-11D3-BF4B-00C04F79EFBC}") = "ConsoleApp1", "ConsoleApp1\ConsoleApp1.csproj", "{2DDC107C-99B2-4E60-8CCC-72B665C36B2D}"
EndProject
Global
	GlobalSection(SolutionConfigurationPlatforms) = preSolution
		Debug|Any CPU = Debug|Any CPU
		Release|Any CPU = Release|Any CPU
	EndGlobalSection
	GlobalSection(ProjectConfigurationPlatforms) = postSolution
		{2DDC107C-99B2-4E60-8CCC-72B665C36B2D}.Debug|Any CPU.ActiveCfg = Debug|Any CPU
		{2DDC107C-99B2-4E60-8CCC-72B665C36B2D}.Debug|Any CPU.Build.0 = Debug|Any CPU
		{2DDC107C-99B2-4E60-8CCC-72B665C36B2D}.Release|Any CPU.ActiveCfg = Release|Any CPU
		{2DDC107C-99B2-4E60-8CCC-72B665C36B2D}.Release|Any CPU.Build.0 = Release|Any CPU
	EndGlobalSection
	GlobalSection(SolutionProperties) = preSolution
		HideSolutionNode = FALSE
	EndGlobalSection
	GlobalSection(ExtensibilityGlobals) = postSolution
		SolutionGuid = {C44E9458-844D-4D38-913C-1605384DD05E}
	EndGlobalSection
EndGlobal
