
Microsoft Visual Studio Solution File, Format Version 12.00
# Visual Studio Version 16
VisualStudioVersion = 25.0.1704.1
MinimumVisualStudioVersion = 10.0.40219.1
Project("{FAE04EC0-301F-11D3-BF4B-00C04F79EFBC}") = "lab2", "lab2.csproj", "{18CBF4F8-0795-4B17-B2B9-D720A42945CD}"
EndProject
Global
	GlobalSection(SolutionConfigurationPlatforms) = preSolution
		Debug|Any CPU = Debug|Any CPU
		Release|Any CPU = Release|Any CPU
	EndGlobalSection
	GlobalSection(ProjectConfigurationPlatforms) = postSolution
		{18CBF4F8-0795-4B17-B2B9-D720A42945CD}.Debug|Any CPU.ActiveCfg = Debug|Any CPU
		{18CBF4F8-0795-4B17-B2B9-D720A42945CD}.Debug|Any CPU.Build.0 = Debug|Any CPU
		{18CBF4F8-0795-4B17-B2B9-D720A42945CD}.Release|Any CPU.ActiveCfg = Release|Any CPU
		{18CBF4F8-0795-4B17-B2B9-D720A42945CD}.Release|Any CPU.Build.0 = Release|Any CPU
	EndGlobalSection
	GlobalSection(SolutionProperties) = preSolution
		HideSolutionNode = FALSE
	EndGlobalSection
	GlobalSection(ExtensibilityGlobals) = postSolution
		SolutionGuid = {759F8B16-1135-4520-9A9B-F235369F2FA7}
	EndGlobalSection
EndGlobal
